<Solution>
    <Project Path="tests/ProductManagementSystem.IntegrationTests/ProductManagementSystem.IntegrationTests.csproj"/>
    <Project Path="tests/ProductManagementSystem.UnitTests/ProductManagementSystem.UnitTests.csproj"/>
    <Project Path="src/ProductManagementSystem/ProductManagementSystem.csproj"/>
</Solution>
